// !$*UTF8*$!
{
	archiveVersion = 1;
	classes = {
	};
	objectVersion = 56;
	objects = {

/* Begin PBXBuildFile section */
		B0499E932B740843007585E6 /* alquitizerApp.swift in Sources */ = {isa = PBXBuildFile; fileRef = B0499E922B740843007585E6 /* alquitizerApp.swift */; };
		B0499E952B740843007585E6 /* AppetizerTabView.swift in Sources */ = {isa = PBXBuildFile; fileRef = B0499E942B740843007585E6 /* AppetizerTabView.swift */; };
		B0499E972B740844007585E6 /* Assets.xcassets in Resources */ = {isa = PBXBuildFile; fileRef = B0499E962B740844007585E6 /* Assets.xcassets */; };
		B0499E9B2B740844007585E6 /* Preview Assets.xcassets in Resources */ = {isa = PBXBuildFile; fileRef = B0499E9A2B740844007585E6 /* Preview Assets.xcassets */; };
		B0499EA22B74089F007585E6 /* AppetizerListView.swift in Sources */ = {isa = PBXBuildFile; fileRef = B0499EA12B74089F007585E6 /* AppetizerListView.swift */; };
		B0499EA42B7408A8007585E6 /* AccountView.swift in Sources */ = {isa = PBXBuildFile; fileRef = B0499EA32B7408A8007585E6 /* AccountView.swift */; };
		B0499EA62B7408B0007585E6 /* OrderView.swift in Sources */ = {isa = PBXBuildFile; fileRef = B0499EA52B7408B0007585E6 /* OrderView.swift */; };
		B0499EA82B740CA6007585E6 /* Appetizer.swift in Sources */ = {isa = PBXBuildFile; fileRef = B0499EA72B740CA6007585E6 /* Appetizer.swift */; };
		B0499EAA2B740E87007585E6 /* AppetizerListCell.swift in Sources */ = {isa = PBXBuildFile; fileRef = B0499EA92B740E87007585E6 /* AppetizerListCell.swift */; };
		B0499EAE2B7410C2007585E6 /* NetworkManager.swift in Sources */ = {isa = PBXBuildFile; fileRef = B0499EAD2B7410C2007585E6 /* NetworkManager.swift */; };
		B0499EB02B74119E007585E6 /* APError.swift in Sources */ = {isa = PBXBuildFile; fileRef = B0499EAF2B74119E007585E6 /* APError.swift */; };
		B0499EB22B752EBC007585E6 /* AppetizersListViewModel.swift in Sources */ = {isa = PBXBuildFile; fileRef = B0499EB12B752EBC007585E6 /* AppetizersListViewModel.swift */; };
		B0499EB42B753568007585E6 /* Alert.swift in Sources */ = {isa = PBXBuildFile; fileRef = B0499EB32B753568007585E6 /* Alert.swift */; };
/* End PBXBuildFile section */

/* Begin PBXFileReference section */
		B0499E8F2B740843007585E6 /* alquitizer.app */ = {isa = PBXFileReference; explicitFileType = wrapper.application; includeInIndex = 0; path = alquitizer.app; sourceTree = BUILT_PRODUCTS_DIR; };
		B0499E922B740843007585E6 /* alquitizerApp.swift */ = {isa = PBXFileReference; lastKnownFileType = sourcecode.swift; path = alquitizerApp.swift; sourceTree = "<group>"; };
		B0499E942B740843007585E6 /* AppetizerTabView.swift */ = {isa = PBXFileReference; lastKnownFileType = sourcecode.swift; path = AppetizerTabView.swift; sourceTree = "<group>"; };
		B0499E962B740844007585E6 /* Assets.xcassets */ = {isa = PBXFileReference; lastKnownFileType = folder.assetcatalog; path = Assets.xcassets; sourceTree = "<group>"; };
		B0499E982B740844007585E6 /* alquitizer.entitlements */ = {isa = PBXFileReference; lastKnownFileType = text.plist.entitlements; path = alquitizer.entitlements; sourceTree = "<group>"; };
		B0499E9A2B740844007585E6 /* Preview Assets.xcassets */ = {isa = PBXFileReference; lastKnownFileType = folder.assetcatalog; path = "Preview Assets.xcassets"; sourceTree = "<group>"; };
		B0499EA12B74089F007585E6 /* AppetizerListView.swift */ = {isa = PBXFileReference; lastKnownFileType = sourcecode.swift; path = AppetizerListView.swift; sourceTree = "<group>"; };
		B0499EA32B7408A8007585E6 /* AccountView.swift */ = {isa = PBXFileReference; lastKnownFileType = sourcecode.swift; path = AccountView.swift; sourceTree = "<group>"; };
		B0499EA52B7408B0007585E6 /* OrderView.swift */ = {isa = PBXFileReference; lastKnownFileType = sourcecode.swift; path = OrderView.swift; sourceTree = "<group>"; };
		B0499EA72B740CA6007585E6 /* Appetizer.swift */ = {isa = PBXFileReference; lastKnownFileType = sourcecode.swift; path = Appetizer.swift; sourceTree = "<group>"; };
		B0499EA92B740E87007585E6 /* AppetizerListCell.swift */ = {isa = PBXFileReference; lastKnownFileType = sourcecode.swift; path = AppetizerListCell.swift; sourceTree = "<group>"; };
		B0499EAD2B7410C2007585E6 /* NetworkManager.swift */ = {isa = PBXFileReference; lastKnownFileType = sourcecode.swift; path = NetworkManager.swift; sourceTree = "<group>"; };
		B0499EAF2B74119E007585E6 /* APError.swift */ = {isa = PBXFileReference; lastKnownFileType = sourcecode.swift; path = APError.swift; sourceTree = "<group>"; };
		B0499EB12B752EBC007585E6 /* AppetizersListViewModel.swift */ = {isa = PBXFileReference; lastKnownFileType = sourcecode.swift; path = AppetizersListViewModel.swift; sourceTree = "<group>"; };
		B0499EB32B753568007585E6 /* Alert.swift */ = {isa = PBXFileReference; lastKnownFileType = sourcecode.swift; path = Alert.swift; sourceTree = "<group>"; };
/* End PBXFileReference section */

/* Begin PBXFrameworksBuildPhase section */
		B0499E8C2B740843007585E6 /* Frameworks */ = {
			isa = PBXFrameworksBuildPhase;
			buildActionMask = 2147483647;
			files = (
			);
			runOnlyForDeploymentPostprocessing = 0;
		};
/* End PBXFrameworksBuildPhase section */

/* Begin PBXGroup section */
		B0499E862B740843007585E6 = {
			isa = PBXGroup;
			children = (
				B0499E912B740843007585E6 /* alquitizer */,
				B0499E902B740843007585E6 /* Products */,
			);
			sourceTree = "<group>";
		};
		B0499E902B740843007585E6 /* Products */ = {
			isa = PBXGroup;
			children = (
				B0499E8F2B740843007585E6 /* alquitizer.app */,
			);
			name = Products;
			sourceTree = "<group>";
		};
		B0499E912B740843007585E6 /* alquitizer */ = {
			isa = PBXGroup;
			children = (
				B0499E922B740843007585E6 /* alquitizerApp.swift */,
				B0499E942B740843007585E6 /* AppetizerTabView.swift */,
				B0499E962B740844007585E6 /* Assets.xcassets */,
				B0499E982B740844007585E6 /* alquitizer.entitlements */,
				B0499E992B740844007585E6 /* Preview Content */,
				B0499EA12B74089F007585E6 /* AppetizerListView.swift */,
				B0499EA32B7408A8007585E6 /* AccountView.swift */,
				B0499EA52B7408B0007585E6 /* OrderView.swift */,
				B0499EA72B740CA6007585E6 /* Appetizer.swift */,
				B0499EA92B740E87007585E6 /* AppetizerListCell.swift */,
				B0499EAD2B7410C2007585E6 /* NetworkManager.swift */,
				B0499EAF2B74119E007585E6 /* APError.swift */,
				B0499EB12B752EBC007585E6 /* AppetizersListViewModel.swift */,
				B0499EB32B753568007585E6 /* Alert.swift */,
			);
			path = alquitizer;
			sourceTree = "<group>";
		};
		B0499E992B740844007585E6 /* Preview Content */ = {
			isa = PBXGroup;
			children = (
				B0499E9A2B740844007585E6 /* Preview Assets.xcassets */,
			);
			path = "Preview Content";
			sourceTree = "<group>";
		};
/* End PBXGroup section */

/* Begin PBXNativeTarget section */
		B0499E8E2B740843007585E6 /* alquitizer */ = {
			isa = PBXNativeTarget;
			buildConfigurationList = B0499E9E2B740844007585E6 /* Build configuration list for PBXNativeTarget "alquitizer" */;
			buildPhases = (
				B0499E8B2B740843007585E6 /* Sources */,
				B0499E8C2B740843007585E6 /* Frameworks */,
				B0499E8D2B740843007585E6 /* Resources */,
			);
			buildRules = (
			);
			dependencies = (
			);
			name = alquitizer;
			productName = alquitizer;
			productReference = B0499E8F2B740843007585E6 /* alquitizer.app */;
			productType = "com.apple.product-type.application";
		};
/* End PBXNativeTarget section */

/* Begin PBXProject section */
		B0499E872B740843007585E6 /* Project object */ = {
			isa = PBXProject;
			attributes = {
				BuildIndependentTargetsInParallel = 1;
				LastSwiftUpdateCheck = 1520;
				LastUpgradeCheck = 1520;
				TargetAttributes = {
					B0499E8E2B740843007585E6 = {
						CreatedOnToolsVersion = 15.2;
					};
				};
			};
			buildConfigurationList = B0499E8A2B740843007585E6 /* Build configuration list for PBXProject "alquitizer" */;
			compatibilityVersion = "Xcode 14.0";
			developmentRegion = en;
			hasScannedForEncodings = 0;
			knownRegions = (
				en,
				Base,
			);
			mainGroup = B0499E862B740843007585E6;
			productRefGroup = B0499E902B740843007585E6 /* Products */;
			projectDirPath = "";
			projectRoot = "";
			targets = (
				B0499E8E2B740843007585E6 /* alquitizer */,
			);
		};
/* End PBXProject section */

/* Begin PBXResourcesBuildPhase section */
		B0499E8D2B740843007585E6 /* Resources */ = {
			isa = PBXResourcesBuildPhase;
			buildActionMask = 2147483647;
			files = (
				B0499E9B2B740844007585E6 /* Preview Assets.xcassets in Resources */,
				B0499E972B740844007585E6 /* Assets.xcassets in Resources */,
			);
			runOnlyForDeploymentPostprocessing = 0;
		};
/* End PBXResourcesBuildPhase section */

/* Begin PBXSourcesBuildPhase section */
		B0499E8B2B740843007585E6 /* Sources */ = {
			isa = PBXSourcesBuildPhase;
			buildActionMask = 2147483647;
			files = (
				B0499EA82B740CA6007585E6 /* Appetizer.swift in Sources */,
				B0499EB22B752EBC007585E6 /* AppetizersListViewModel.swift in Sources */,
				B0499EB02B74119E007585E6 /* APError.swift in Sources */,
				B0499EAA2B740E87007585E6 /* AppetizerListCell.swift in Sources */,
				B0499EA42B7408A8007585E6 /* AccountView.swift in Sources */,
				B0499EA22B74089F007585E6 /* AppetizerListView.swift in Sources */,
				B0499EAE2B7410C2007585E6 /* NetworkManager.swift in Sources */,
				B0499E952B740843007585E6 /* AppetizerTabView.swift in Sources */,
				B0499EB42B753568007585E6 /* Alert.swift in Sources */,
				B0499E932B740843007585E6 /* alquitizerApp.swift in Sources */,
				B0499EA62B7408B0007585E6 /* OrderView.swift in Sources */,
			);
			runOnlyForDeploymentPostprocessing = 0;
		};
/* End PBXSourcesBuildPhase section */

/* Begin XCBuildConfiguration section */
		B0499E9C2B740844007585E6 /* Debug */ = {
			isa = XCBuildConfiguration;
			buildSettings = {
				ALWAYS_SEARCH_USER_PATHS = NO;
				ASSETCATALOG_COMPILER_GENERATE_SWIFT_ASSET_SYMBOL_EXTENSIONS = YES;
				CLANG_ANALYZER_NONNULL = YES;
				CLANG_ANALYZER_NUMBER_OBJECT_CONVERSION = YES_AGGRESSIVE;
				CLANG_CXX_LANGUAGE_STANDARD = "gnu++20";
				CLANG_ENABLE_MODULES = YES;
				CLANG_ENABLE_OBJC_ARC = YES;
				CLANG_ENABLE_OBJC_WEAK = YES;
				CLANG_WARN_BLOCK_CAPTURE_AUTORELEASING = YES;
				CLANG_WARN_BOOL_CONVERSION = YES;
				CLANG_WARN_COMMA = YES;
				CLANG_WARN_CONSTANT_CONVERSION = YES;
				CLANG_WARN_DEPRECATED_OBJC_IMPLEMENTATIONS = YES;
				CLANG_WARN_DIRECT_OBJC_ISA_USAGE = YES_ERROR;
				CLANG_WARN_DOCUMENTATION_COMMENTS = YES;
				CLANG_WARN_EMPTY_BODY = YES;
				CLANG_WARN_ENUM_CONVERSION = YES;
				CLANG_WARN_INFINITE_RECURSION = YES;
				CLANG_WARN_INT_CONVERSION = YES;
				CLANG_WARN_NON_LITERAL_NULL_CONVERSION = YES;
				CLANG_WARN_OBJC_IMPLICIT_RETAIN_SELF = YES;
				CLANG_WARN_OBJC_LITERAL_CONVERSION = YES;
				CLANG_WARN_OBJC_ROOT_CLASS = YES_ERROR;
				CLANG_WARN_QUOTED_INCLUDE_IN_FRAMEWORK_HEADER = YES;
				CLANG_WARN_RANGE_LOOP_ANALYSIS = YES;
				CLANG_WARN_STRICT_PROTOTYPES = YES;
				CLANG_WARN_SUSPICIOUS_MOVE = YES;
				CLANG_WARN_UNGUARDED_AVAILABILITY = YES_AGGRESSIVE;
				CLANG_WARN_UNREACHABLE_CODE = YES;
				CLANG_WARN__DUPLICATE_METHOD_MATCH = YES;
				COPY_PHASE_STRIP = NO;
				DEBUG_INFORMATION_FORMAT = dwarf;
				ENABLE_STRICT_OBJC_MSGSEND = YES;
				ENABLE_TESTABILITY = YES;
				ENABLE_USER_SCRIPT_SANDBOXING = YES;
				GCC_C_LANGUAGE_STANDARD = gnu17;
				GCC_DYNAMIC_NO_PIC = NO;
				GCC_NO_COMMON_BLOCKS = YES;
				GCC_OPTIMIZATION_LEVEL = 0;
				GCC_PREPROCESSOR_DEFINITIONS = (
					"DEBUG=1",
					"$(inherited)",
				);
				GCC_WARN_64_TO_32_BIT_CONVERSION = YES;
				GCC_WARN_ABOUT_RETURN_TYPE = YES_ERROR;
				GCC_WARN_UNDECLARED_SELECTOR = YES;
				GCC_WARN_UNINITIALIZED_AUTOS = YES_AGGRESSIVE;
				GCC_WARN_UNUSED_FUNCTION = YES;
				GCC_WARN_UNUSED_VARIABLE = YES;
				LOCALIZATION_PREFERS_STRING_CATALOGS = YES;
				MTL_ENABLE_DEBUG_INFO = INCLUDE_SOURCE;
				MTL_FAST_MATH = YES;
				ONLY_ACTIVE_ARCH = YES;
				SWIFT_ACTIVE_COMPILATION_CONDITIONS = "DEBUG $(inherited)";
				SWIFT_OPTIMIZATION_LEVEL = "-Onone";
			};
			name = Debug;
		};
		B0499E9D2B740844007585E6 /* Release */ = {
			isa = XCBuildConfiguration;
			buildSettings = {
				ALWAYS_SEARCH_USER_PATHS = NO;
				ASSETCATALOG_COMPILER_GENERATE_SWIFT_ASSET_SYMBOL_EXTENSIONS = YES;
				CLANG_ANALYZER_NONNULL = YES;
				CLANG_ANALYZER_NUMBER_OBJECT_CONVERSION = YES_AGGRESSIVE;
				CLANG_CXX_LANGUAGE_STANDARD = "gnu++20";
				CLANG_ENABLE_MODULES = YES;
				CLANG_ENABLE_OBJC_ARC = YES;
				CLANG_ENABLE_OBJC_WEAK = YES;
				CLANG_WARN_BLOCK_CAPTURE_AUTORELEASING = YES;
				CLANG_WARN_BOOL_CONVERSION = YES;
				CLANG_WARN_COMMA = YES;
				CLANG_WARN_CONSTANT_CONVERSION = YES;
				CLANG_WARN_DEPRECATED_OBJC_IMPLEMENTATIONS = YES;
				CLANG_WARN_DIRECT_OBJC_ISA_USAGE = YES_ERROR;
				CLANG_WARN_DOCUMENTATION_COMMENTS = YES;
				CLANG_WARN_EMPTY_BODY = YES;
				CLANG_WARN_ENUM_CONVERSION = YES;
				CLANG_WARN_INFINITE_RECURSION = YES;
				CLANG_WARN_INT_CONVERSION = YES;
				CLANG_WARN_NON_LITERAL_NULL_CONVERSION = YES;
				CLANG_WARN_OBJC_IMPLICIT_RETAIN_SELF = YES;
				CLANG_WARN_OBJC_LITERAL_CONVERSION = YES;
				CLANG_WARN_OBJC_ROOT_CLASS = YES_ERROR;
				CLANG_WARN_QUOTED_INCLUDE_IN_FRAMEWORK_HEADER = YES;
				CLANG_WARN_RANGE_LOOP_ANALYSIS = YES;
				CLANG_WARN_STRICT_PROTOTYPES = YES;
				CLANG_WARN_SUSPICIOUS_MOVE = YES;
				CLANG_WARN_UNGUARDED_AVAILABILITY = YES_AGGRESSIVE;
				CLANG_WARN_UNREACHABLE_CODE = YES;
				CLANG_WARN__DUPLICATE_METHOD_MATCH = YES;
				COPY_PHASE_STRIP = NO;
				DEBUG_INFORMATION_FORMAT = "dwarf-with-dsym";
				ENABLE_NS_ASSERTIONS = NO;
				ENABLE_STRICT_OBJC_MSGSEND = YES;
				ENABLE_USER_SCRIPT_SANDBOXING = YES;
				GCC_C_LANGUAGE_STANDARD = gnu17;
				GCC_NO_COMMON_BLOCKS = YES;
				GCC_WARN_64_TO_32_BIT_CONVERSION = YES;
				GCC_WARN_ABOUT_RETURN_TYPE = YES_ERROR;
				GCC_WARN_UNDECLARED_SELECTOR = YES;
				GCC_WARN_UNINITIALIZED_AUTOS = YES_AGGRESSIVE;
				GCC_WARN_UNUSED_FUNCTION = YES;
				GCC_WARN_UNUSED_VARIABLE = YES;
				LOCALIZATION_PREFERS_STRING_CATALOGS = YES;
				MTL_ENABLE_DEBUG_INFO = NO;
				MTL_FAST_MATH = YES;
				SWIFT_COMPILATION_MODE = wholemodule;
			};
			name = Release;
		};
		B0499E9F2B740844007585E6 /* Debug */ = {
			isa = XCBuildConfiguration;
			buildSettings = {
				ASSETCATALOG_COMPILER_APPICON_NAME = AppIcon;
				ASSETCATALOG_COMPILER_GLOBAL_ACCENT_COLOR_NAME = AccentColor;
				CODE_SIGN_ENTITLEMENTS = alquitizer/alquitizer.entitlements;
				CODE_SIGN_STYLE = Automatic;
				CURRENT_PROJECT_VERSION = 1;
				DEVELOPMENT_ASSET_PATHS = "\"alquitizer/Preview Content\"";
				DEVELOPMENT_TEAM = 8RYC58FC3P;
				ENABLE_HARDENED_RUNTIME = YES;
				ENABLE_PREVIEWS = YES;
				GENERATE_INFOPLIST_FILE = YES;
				"INFOPLIST_KEY_UIApplicationSceneManifest_Generation[sdk=iphoneos*]" = YES;
				"INFOPLIST_KEY_UIApplicationSceneManifest_Generation[sdk=iphonesimulator*]" = YES;
				"INFOPLIST_KEY_UIApplicationSupportsIndirectInputEvents[sdk=iphoneos*]" = YES;
				"INFOPLIST_KEY_UIApplicationSupportsIndirectInputEvents[sdk=iphonesimulator*]" = YES;
				"INFOPLIST_KEY_UILaunchScreen_Generation[sdk=iphoneos*]" = YES;
				"INFOPLIST_KEY_UILaunchScreen_Generation[sdk=iphonesimulator*]" = YES;
				"INFOPLIST_KEY_UIStatusBarStyle[sdk=iphoneos*]" = UIStatusBarStyleDefault;
				"INFOPLIST_KEY_UIStatusBarStyle[sdk=iphonesimulator*]" = UIStatusBarStyleDefault;
				INFOPLIST_KEY_UISupportedInterfaceOrientations_iPad = "UIInterfaceOrientationPortrait UIInterfaceOrientationPortraitUpsideDown UIInterfaceOrientationLandscapeLeft UIInterfaceOrientationLandscapeRight";
				INFOPLIST_KEY_UISupportedInterfaceOrientations_iPhone = "UIInterfaceOrientationPortrait UIInterfaceOrientationLandscapeLeft UIInterfaceOrientationLandscapeRight";
				IPHONEOS_DEPLOYMENT_TARGET = 17.2;
				LD_RUNPATH_SEARCH_PATHS = "@executable_path/Frameworks";
				"LD_RUNPATH_SEARCH_PATHS[sdk=macosx*]" = "@executable_path/../Frameworks";
				MACOSX_DEPLOYMENT_TARGET = 14.2;
				MARKETING_VERSION = 1.0;
				PRODUCT_BUNDLE_IDENTIFIER = dev.moriso.alquitizer;
				PRODUCT_NAME = "$(TARGET_NAME)";
				SDKROOT = auto;
				SUPPORTED_PLATFORMS = "iphoneos iphonesimulator macosx";
				SWIFT_EMIT_LOC_STRINGS = YES;
				SWIFT_VERSION = 5.0;
				TARGETED_DEVICE_FAMILY = "1,2";
			};
			name = Debug;
		};
		B0499EA02B740844007585E6 /* Release */ = {
			isa = XCBuildConfiguration;
			buildSettings = {
				ASSETCATALOG_COMPILER_APPICON_NAME = AppIcon;
				ASSETCATALOG_COMPILER_GLOBAL_ACCENT_COLOR_NAME = AccentColor;
				CODE_SIGN_ENTITLEMENTS = alquitizer/alquitizer.entitlements;
				CODE_SIGN_STYLE = Automatic;
				CURRENT_PROJECT_VERSION = 1;
				DEVELOPMENT_ASSET_PATHS = "\"alquitizer/Preview Content\"";
				DEVELOPMENT_TEAM = 8RYC58FC3P;
				ENABLE_HARDENED_RUNTIME = YES;
				ENABLE_PREVIEWS = YES;
				GENERATE_INFOPLIST_FILE = YES;
				"INFOPLIST_KEY_UIApplicationSceneManifest_Generation[sdk=iphoneos*]" = YES;
				"INFOPLIST_KEY_UIApplicationSceneManifest_Generation[sdk=iphonesimulator*]" = YES;
				"INFOPLIST_KEY_UIApplicationSupportsIndirectInputEvents[sdk=iphoneos*]" = YES;
				"INFOPLIST_KEY_UIApplicationSupportsIndirectInputEvents[sdk=iphonesimulator*]" = YES;
				"INFOPLIST_KEY_UILaunchScreen_Generation[sdk=iphoneos*]" = YES;
				"INFOPLIST_KEY_UILaunchScreen_Generation[sdk=iphonesimulator*]" = YES;
				"INFOPLIST_KEY_UIStatusBarStyle[sdk=iphoneos*]" = UIStatusBarStyleDefault;
				"INFOPLIST_KEY_UIStatusBarStyle[sdk=iphonesimulator*]" = UIStatusBarStyleDefault;
				INFOPLIST_KEY_UISupportedInterfaceOrientations_iPad = "UIInterfaceOrientationPortrait UIInterfaceOrientationPortraitUpsideDown UIInterfaceOrientationLandscapeLeft UIInterfaceOrientationLandscapeRight";
				INFOPLIST_KEY_UISupportedInterfaceOrientations_iPhone = "UIInterfaceOrientationPortrait UIInterfaceOrientationLandscapeLeft UIInterfaceOrientationLandscapeRight";
				IPHONEOS_DEPLOYMENT_TARGET = 17.2;
				LD_RUNPATH_SEARCH_PATHS = "@executable_path/Frameworks";
				"LD_RUNPATH_SEARCH_PATHS[sdk=macosx*]" = "@executable_path/../Frameworks";
				MACOSX_DEPLOYMENT_TARGET = 14.2;
				MARKETING_VERSION = 1.0;
				PRODUCT_BUNDLE_IDENTIFIER = dev.moriso.alquitizer;
				PRODUCT_NAME = "$(TARGET_NAME)";
				SDKROOT = auto;
				SUPPORTED_PLATFORMS = "iphoneos iphonesimulator macosx";
				SWIFT_EMIT_LOC_STRINGS = YES;
				SWIFT_VERSION = 5.0;
				TARGETED_DEVICE_FAMILY = "1,2";
			};
			name = Release;
		};
/* End XCBuildConfiguration section */

/* Begin XCConfigurationList section */
		B0499E8A2B740843007585E6 /* Build configuration list for PBXProject "alquitizer" */ = {
			isa = XCConfigurationList;
			buildConfigurations = (
				B0499E9C2B740844007585E6 /* Debug */,
				B0499E9D2B740844007585E6 /* Release */,
			);
			defaultConfigurationIsVisible = 0;
			defaultConfigurationName = Release;
		};
		B0499E9E2B740844007585E6 /* Build configuration list for PBXNativeTarget "alquitizer" */ = {
			isa = XCConfigurationList;
			buildConfigurations = (
				B0499E9F2B740844007585E6 /* Debug */,
				B0499EA02B740844007585E6 /* Release */,
			);
			defaultConfigurationIsVisible = 0;
			defaultConfigurationName = Release;
		};
/* End XCConfigurationList section */
	};
	rootObject = B0499E872B740843007585E6 /* Project object */;
}
